
Microsoft Visual Studio Solution File, Format Version 12.00
# Visual Studio Version 17
VisualStudioVersion = 17.11.35219.272
MinimumVisualStudioVersion = 10.0.40219.1
Project("{FAE04EC0-301F-11D3-BF4B-00C04F79EFBC}") = "CustomerRegistration", "CustomerRegistration\CustomerRegistration.csproj", "{92887AE7-DE6B-4A60-92AF-9395B3477A77}"
EndProject
Global
	GlobalSection(SolutionConfigurationPlatforms) = preSolution
		Debug|Any CPU = Debug|Any CPU
		Release|Any CPU = Release|Any CPU
	EndGlobalSection
	GlobalSection(ProjectConfigurationPlatforms) = postSolution
		{92887AE7-DE6B-4A60-92AF-9395B3477A77}.Debug|Any CPU.ActiveCfg = Debug|Any CPU
		{92887AE7-DE6B-4A60-92AF-9395B3477A77}.Debug|Any CPU.Build.0 = Debug|Any CPU
		{92887AE7-DE6B-4A60-92AF-9395B3477A77}.Release|Any CPU.ActiveCfg = Release|Any CPU
		{92887AE7-DE6B-4A60-92AF-9395B3477A77}.Release|Any CPU.Build.0 = Release|Any CPU
	EndGlobalSection
	GlobalSection(SolutionProperties) = preSolution
		HideSolutionNode = FALSE
	EndGlobalSection
	GlobalSection(ExtensibilityGlobals) = postSolution
		SolutionGuid = {2AF8476B-57FC-48A9-819B-F38B826FF7C0}
	EndGlobalSection
EndGlobal
